// !$*UTF8*$!
{
	archiveVersion = 1;
	classes = {
	};
	objectVersion = 55;
	objects = {

/* Begin PBXBuildFile section */
		E614CE3F282EC7C400239F11 /* Helper.swift in Sources */ = {isa = PBXBuildFile; fileRef = E614CE3E282EC7C400239F11 /* Helper.swift */; };
		E6D2B0CC282D410F007683B6 /* AppDelegate.swift in Sources */ = {isa = PBXBuildFile; fileRef = E6D2B0CB282D410F007683B6 /* AppDelegate.swift */; };
		E6D2B0CE282D410F007683B6 /* SceneDelegate.swift in Sources */ = {isa = PBXBuildFile; fileRef = E6D2B0CD282D410F007683B6 /* SceneDelegate.swift */; };
		E6D2B0D0282D410F007683B6 /* MainViewController.swift in Sources */ = {isa = PBXBuildFile; fileRef = E6D2B0CF282D410F007683B6 /* MainViewController.swift */; };
		E6D2B0D3282D410F007683B6 /* Main.storyboard in Resources */ = {isa = PBXBuildFile; fileRef = E6D2B0D1282D410F007683B6 /* Main.storyboard */; };
		E6D2B0D5282D4110007683B6 /* Assets.xcassets in Resources */ = {isa = PBXBuildFile; fileRef = E6D2B0D4282D4110007683B6 /* Assets.xcassets */; };
		E6D2B0D8282D4110007683B6 /* LaunchScreen.storyboard in Resources */ = {isa = PBXBuildFile; fileRef = E6D2B0D6282D4110007683B6 /* LaunchScreen.storyboard */; };
		E6D2B0E4282D435F007683B6 /* ColorViewViewController.swift in Sources */ = {isa = PBXBuildFile; fileRef = E6D2B0E3282D435F007683B6 /* ColorViewViewController.swift */; };
/* End PBXBuildFile section */

/* Begin PBXFileReference section */
		E614CE3E282EC7C400239F11 /* Helper.swift */ = {isa = PBXFileReference; lastKnownFileType = sourcecode.swift; path = Helper.swift; sourceTree = "<group>"; };
		E6D2B0C8282D410F007683B6 /* ColorViewWithDelegates.app */ = {isa = PBXFileReference; explicitFileType = wrapper.application; includeInIndex = 0; path = ColorViewWithDelegates.app; sourceTree = BUILT_PRODUCTS_DIR; };
		E6D2B0CB282D410F007683B6 /* AppDelegate.swift */ = {isa = PBXFileReference; lastKnownFileType = sourcecode.swift; path = AppDelegate.swift; sourceTree = "<group>"; };
		E6D2B0CD282D410F007683B6 /* SceneDelegate.swift */ = {isa = PBXFileReference; lastKnownFileType = sourcecode.swift; path = SceneDelegate.swift; sourceTree = "<group>"; };
		E6D2B0CF282D410F007683B6 /* MainViewController.swift */ = {isa = PBXFileReference; lastKnownFileType = sourcecode.swift; path = MainViewController.swift; sourceTree = "<group>"; };
		E6D2B0D2282D410F007683B6 /* Base */ = {isa = PBXFileReference; lastKnownFileType = file.storyboard; name = Base; path = Base.lproj/Main.storyboard; sourceTree = "<group>"; };
		E6D2B0D4282D4110007683B6 /* Assets.xcassets */ = {isa = PBXFileReference; lastKnownFileType = folder.assetcatalog; path = Assets.xcassets; sourceTree = "<group>"; };
		E6D2B0D7282D4110007683B6 /* Base */ = {isa = PBXFileReference; lastKnownFileType = file.storyboard; name = Base; path = Base.lproj/LaunchScreen.storyboard; sourceTree = "<group>"; };
		E6D2B0D9282D4110007683B6 /* Info.plist */ = {isa = PBXFileReference; lastKnownFileType = text.plist.xml; path = Info.plist; sourceTree = "<group>"; };
		E6D2B0E3282D435F007683B6 /* ColorViewViewController.swift */ = {isa = PBXFileReference; lastKnownFileType = sourcecode.swift; path = ColorViewViewController.swift; sourceTree = "<group>"; };
/* End PBXFileReference section */

/* Begin PBXFrameworksBuildPhase section */
		E6D2B0C5282D410F007683B6 /* Frameworks */ = {
			isa = PBXFrameworksBuildPhase;
			buildActionMask = 2147483647;
			files = (
			);
			runOnlyForDeploymentPostprocessing = 0;
		};
/* End PBXFrameworksBuildPhase section */

/* Begin PBXGroup section */
		E6D2B0BF282D410F007683B6 = {
			isa = PBXGroup;
			children = (
				E6D2B0CA282D410F007683B6 /* ColorViewWithDelegates */,
				E6D2B0C9282D410F007683B6 /* Products */,
			);
			sourceTree = "<group>";
		};
		E6D2B0C9282D410F007683B6 /* Products */ = {
			isa = PBXGroup;
			children = (
				E6D2B0C8282D410F007683B6 /* ColorViewWithDelegates.app */,
			);
			name = Products;
			sourceTree = "<group>";
		};
		E6D2B0CA282D410F007683B6 /* ColorViewWithDelegates */ = {
			isa = PBXGroup;
			children = (
				E6D2B0DF282D413C007683B6 /* ViewControllers */,
				E6D2B0E0282D4167007683B6 /* Storyboards */,
				E6D2B0E2282D41B7007683B6 /* App */,
				E6D2B0E1282D419F007683B6 /* Resourses */,
				E614CE3E282EC7C400239F11 /* Helper.swift */,
			);
			path = ColorViewWithDelegates;
			sourceTree = "<group>";
		};
		E6D2B0DF282D413C007683B6 /* ViewControllers */ = {
			isa = PBXGroup;
			children = (
				E6D2B0CF282D410F007683B6 /* MainViewController.swift */,
				E6D2B0E3282D435F007683B6 /* ColorViewViewController.swift */,
			);
			path = ViewControllers;
			sourceTree = "<group>";
		};
		E6D2B0E0282D4167007683B6 /* Storyboards */ = {
			isa = PBXGroup;
			children = (
				E6D2B0D1282D410F007683B6 /* Main.storyboard */,
				E6D2B0D6282D4110007683B6 /* LaunchScreen.storyboard */,
			);
			path = Storyboards;
			sourceTree = "<group>";
		};
		E6D2B0E1282D419F007683B6 /* Resourses */ = {
			isa = PBXGroup;
			children = (
				E6D2B0D4282D4110007683B6 /* Assets.xcassets */,
			);
			path = Resourses;
			sourceTree = "<group>";
		};
		E6D2B0E2282D41B7007683B6 /* App */ = {
			isa = PBXGroup;
			children = (
				E6D2B0CB282D410F007683B6 /* AppDelegate.swift */,
				E6D2B0CD282D410F007683B6 /* SceneDelegate.swift */,
				E6D2B0D9282D4110007683B6 /* Info.plist */,
			);
			path = App;
			sourceTree = "<group>";
		};
/* End PBXGroup section */

/* Begin PBXNativeTarget section */
		E6D2B0C7282D410F007683B6 /* ColorViewWithDelegates */ = {
			isa = PBXNativeTarget;
			buildConfigurationList = E6D2B0DC282D4110007683B6 /* Build configuration list for PBXNativeTarget "ColorViewWithDelegates" */;
			buildPhases = (
				E6D2B0C4282D410F007683B6 /* Sources */,
				E6D2B0C5282D410F007683B6 /* Frameworks */,
				E6D2B0C6282D410F007683B6 /* Resources */,
			);
			buildRules = (
			);
			dependencies = (
			);
			name = ColorViewWithDelegates;
			productName = ColorViewWithDelegates;
			productReference = E6D2B0C8282D410F007683B6 /* ColorViewWithDelegates.app */;
			productType = "com.apple.product-type.application";
		};
/* End PBXNativeTarget section */

/* Begin PBXProject section */
		E6D2B0C0282D410F007683B6 /* Project object */ = {
			isa = PBXProject;
			attributes = {
				BuildIndependentTargetsInParallel = 1;
				LastSwiftUpdateCheck = 1330;
				LastUpgradeCheck = 1330;
				TargetAttributes = {
					E6D2B0C7282D410F007683B6 = {
						CreatedOnToolsVersion = 13.3.1;
					};
				};
			};
			buildConfigurationList = E6D2B0C3282D410F007683B6 /* Build configuration list for PBXProject "ColorViewWithDelegates" */;
			compatibilityVersion = "Xcode 13.0";
			developmentRegion = en;
			hasScannedForEncodings = 0;
			knownRegions = (
				en,
				Base,
			);
			mainGroup = E6D2B0BF282D410F007683B6;
			productRefGroup = E6D2B0C9282D410F007683B6 /* Products */;
			projectDirPath = "";
			projectRoot = "";
			targets = (
				E6D2B0C7282D410F007683B6 /* ColorViewWithDelegates */,
			);
		};
/* End PBXProject section */

/* Begin PBXResourcesBuildPhase section */
		E6D2B0C6282D410F007683B6 /* Resources */ = {
			isa = PBXResourcesBuildPhase;
			buildActionMask = 2147483647;
			files = (
				E6D2B0D8282D4110007683B6 /* LaunchScreen.storyboard in Resources */,
				E6D2B0D5282D4110007683B6 /* Assets.xcassets in Resources */,
				E6D2B0D3282D410F007683B6 /* Main.storyboard in Resources */,
			);
			runOnlyForDeploymentPostprocessing = 0;
		};
/* End PBXResourcesBuildPhase section */

/* Begin PBXSourcesBuildPhase section */
		E6D2B0C4282D410F007683B6 /* Sources */ = {
			isa = PBXSourcesBuildPhase;
			buildActionMask = 2147483647;
			files = (
				E6D2B0D0282D410F007683B6 /* MainViewController.swift in Sources */,
				E6D2B0E4282D435F007683B6 /* ColorViewViewController.swift in Sources */,
				E614CE3F282EC7C400239F11 /* Helper.swift in Sources */,
				E6D2B0CC282D410F007683B6 /* AppDelegate.swift in Sources */,
				E6D2B0CE282D410F007683B6 /* SceneDelegate.swift in Sources */,
			);
			runOnlyForDeploymentPostprocessing = 0;
		};
/* End PBXSourcesBuildPhase section */

/* Begin PBXVariantGroup section */
		E6D2B0D1282D410F007683B6 /* Main.storyboard */ = {
			isa = PBXVariantGroup;
			children = (
				E6D2B0D2282D410F007683B6 /* Base */,
			);
			name = Main.storyboard;
			sourceTree = "<group>";
		};
		E6D2B0D6282D4110007683B6 /* LaunchScreen.storyboard */ = {
			isa = PBXVariantGroup;
			children = (
				E6D2B0D7282D4110007683B6 /* Base */,
			);
			name = LaunchScreen.storyboard;
			sourceTree = "<group>";
		};
/* End PBXVariantGroup section */

/* Begin XCBuildConfiguration section */
		E6D2B0DA282D4110007683B6 /* Debug */ = {
			isa = XCBuildConfiguration;
			buildSettings = {
				ALWAYS_SEARCH_USER_PATHS = NO;
				CLANG_ANALYZER_NONNULL = YES;
				CLANG_ANALYZER_NUMBER_OBJECT_CONVERSION = YES_AGGRESSIVE;
				CLANG_CXX_LANGUAGE_STANDARD = "gnu++17";
				CLANG_ENABLE_MODULES = YES;
				CLANG_ENABLE_OBJC_ARC = YES;
				CLANG_ENABLE_OBJC_WEAK = YES;
				CLANG_WARN_BLOCK_CAPTURE_AUTORELEASING = YES;
				CLANG_WARN_BOOL_CONVERSION = YES;
				CLANG_WARN_COMMA = YES;
				CLANG_WARN_CONSTANT_CONVERSION = YES;
				CLANG_WARN_DEPRECATED_OBJC_IMPLEMENTATIONS = YES;
				CLANG_WARN_DIRECT_OBJC_ISA_USAGE = YES_ERROR;
				CLANG_WARN_DOCUMENTATION_COMMENTS = YES;
				CLANG_WARN_EMPTY_BODY = YES;
				CLANG_WARN_ENUM_CONVERSION = YES;
				CLANG_WARN_INFINITE_RECURSION = YES;
				CLANG_WARN_INT_CONVERSION = YES;
				CLANG_WARN_NON_LITERAL_NULL_CONVERSION = YES;
				CLANG_WARN_OBJC_IMPLICIT_RETAIN_SELF = YES;
				CLANG_WARN_OBJC_LITERAL_CONVERSION = YES;
				CLANG_WARN_OBJC_ROOT_CLASS = YES_ERROR;
				CLANG_WARN_QUOTED_INCLUDE_IN_FRAMEWORK_HEADER = YES;
				CLANG_WARN_RANGE_LOOP_ANALYSIS = YES;
				CLANG_WARN_STRICT_PROTOTYPES = YES;
				CLANG_WARN_SUSPICIOUS_MOVE = YES;
				CLANG_WARN_UNGUARDED_AVAILABILITY = YES_AGGRESSIVE;
				CLANG_WARN_UNREACHABLE_CODE = YES;
				CLANG_WARN__DUPLICATE_METHOD_MATCH = YES;
				COPY_PHASE_STRIP = NO;
				DEBUG_INFORMATION_FORMAT = dwarf;
				ENABLE_STRICT_OBJC_MSGSEND = YES;
				ENABLE_TESTABILITY = YES;
				GCC_C_LANGUAGE_STANDARD = gnu11;
				GCC_DYNAMIC_NO_PIC = NO;
				GCC_NO_COMMON_BLOCKS = YES;
				GCC_OPTIMIZATION_LEVEL = 0;
				GCC_PREPROCESSOR_DEFINITIONS = (
					"DEBUG=1",
					"$(inherited)",
				);
				GCC_WARN_64_TO_32_BIT_CONVERSION = YES;
				GCC_WARN_ABOUT_RETURN_TYPE = YES_ERROR;
				GCC_WARN_UNDECLARED_SELECTOR = YES;
				GCC_WARN_UNINITIALIZED_AUTOS = YES_AGGRESSIVE;
				GCC_WARN_UNUSED_FUNCTION = YES;
				GCC_WARN_UNUSED_VARIABLE = YES;
				IPHONEOS_DEPLOYMENT_TARGET = 15.4;
				MTL_ENABLE_DEBUG_INFO = INCLUDE_SOURCE;
				MTL_FAST_MATH = YES;
				ONLY_ACTIVE_ARCH = YES;
				SDKROOT = iphoneos;
				SWIFT_ACTIVE_COMPILATION_CONDITIONS = DEBUG;
				SWIFT_OPTIMIZATION_LEVEL = "-Onone";
			};
			name = Debug;
		};
		E6D2B0DB282D4110007683B6 /* Release */ = {
			isa = XCBuildConfiguration;
			buildSettings = {
				ALWAYS_SEARCH_USER_PATHS = NO;
				CLANG_ANALYZER_NONNULL = YES;
				CLANG_ANALYZER_NUMBER_OBJECT_CONVERSION = YES_AGGRESSIVE;
				CLANG_CXX_LANGUAGE_STANDARD = "gnu++17";
				CLANG_ENABLE_MODULES = YES;
				CLANG_ENABLE_OBJC_ARC = YES;
				CLANG_ENABLE_OBJC_WEAK = YES;
				CLANG_WARN_BLOCK_CAPTURE_AUTORELEASING = YES;
				CLANG_WARN_BOOL_CONVERSION = YES;
				CLANG_WARN_COMMA = YES;
				CLANG_WARN_CONSTANT_CONVERSION = YES;
				CLANG_WARN_DEPRECATED_OBJC_IMPLEMENTATIONS = YES;
				CLANG_WARN_DIRECT_OBJC_ISA_USAGE = YES_ERROR;
				CLANG_WARN_DOCUMENTATION_COMMENTS = YES;
				CLANG_WARN_EMPTY_BODY = YES;
				CLANG_WARN_ENUM_CONVERSION = YES;
				CLANG_WARN_INFINITE_RECURSION = YES;
				CLANG_WARN_INT_CONVERSION = YES;
				CLANG_WARN_NON_LITERAL_NULL_CONVERSION = YES;
				CLANG_WARN_OBJC_IMPLICIT_RETAIN_SELF = YES;
				CLANG_WARN_OBJC_LITERAL_CONVERSION = YES;
				CLANG_WARN_OBJC_ROOT_CLASS = YES_ERROR;
				CLANG_WARN_QUOTED_INCLUDE_IN_FRAMEWORK_HEADER = YES;
				CLANG_WARN_RANGE_LOOP_ANALYSIS = YES;
				CLANG_WARN_STRICT_PROTOTYPES = YES;
				CLANG_WARN_SUSPICIOUS_MOVE = YES;
				CLANG_WARN_UNGUARDED_AVAILABILITY = YES_AGGRESSIVE;
				CLANG_WARN_UNREACHABLE_CODE = YES;
				CLANG_WARN__DUPLICATE_METHOD_MATCH = YES;
				COPY_PHASE_STRIP = NO;
				DEBUG_INFORMATION_FORMAT = "dwarf-with-dsym";
				ENABLE_NS_ASSERTIONS = NO;
				ENABLE_STRICT_OBJC_MSGSEND = YES;
				GCC_C_LANGUAGE_STANDARD = gnu11;
				GCC_NO_COMMON_BLOCKS = YES;
				GCC_WARN_64_TO_32_BIT_CONVERSION = YES;
				GCC_WARN_ABOUT_RETURN_TYPE = YES_ERROR;
				GCC_WARN_UNDECLARED_SELECTOR = YES;
				GCC_WARN_UNINITIALIZED_AUTOS = YES_AGGRESSIVE;
				GCC_WARN_UNUSED_FUNCTION = YES;
				GCC_WARN_UNUSED_VARIABLE = YES;
				IPHONEOS_DEPLOYMENT_TARGET = 15.4;
				MTL_ENABLE_DEBUG_INFO = NO;
				MTL_FAST_MATH = YES;
				SDKROOT = iphoneos;
				SWIFT_COMPILATION_MODE = wholemodule;
				SWIFT_OPTIMIZATION_LEVEL = "-O";
				VALIDATE_PRODUCT = YES;
			};
			name = Release;
		};
		E6D2B0DD282D4110007683B6 /* Debug */ = {
			isa = XCBuildConfiguration;
			buildSettings = {
				ASSETCATALOG_COMPILER_APPICON_NAME = AppIcon;
				ASSETCATALOG_COMPILER_GLOBAL_ACCENT_COLOR_NAME = AccentColor;
				CODE_SIGN_STYLE = Automatic;
				CURRENT_PROJECT_VERSION = 1;
				DEVELOPMENT_TEAM = 53S4PPJ97L;
				GENERATE_INFOPLIST_FILE = YES;
				INFOPLIST_FILE = ColorViewWithDelegates/App/Info.plist;
				INFOPLIST_KEY_UIApplicationSupportsIndirectInputEvents = YES;
				INFOPLIST_KEY_UILaunchStoryboardName = LaunchScreen;
				INFOPLIST_KEY_UIMainStoryboardFile = Main;
				INFOPLIST_KEY_UISupportedInterfaceOrientations_iPad = "UIInterfaceOrientationPortrait UIInterfaceOrientationPortraitUpsideDown UIInterfaceOrientationLandscapeLeft UIInterfaceOrientationLandscapeRight";
				INFOPLIST_KEY_UISupportedInterfaceOrientations_iPhone = "UIInterfaceOrientationPortrait UIInterfaceOrientationLandscapeLeft UIInterfaceOrientationLandscapeRight";
				LD_RUNPATH_SEARCH_PATHS = (
					"$(inherited)",
					"@executable_path/Frameworks",
				);
				MARKETING_VERSION = 1.0;
				PRODUCT_BUNDLE_IDENTIFIER = malinatrash.ColorViewWithDelegates;
				PRODUCT_NAME = "$(TARGET_NAME)";
				SWIFT_EMIT_LOC_STRINGS = YES;
				SWIFT_VERSION = 5.0;
				TARGETED_DEVICE_FAMILY = "1,2";
			};
			name = Debug;
		};
		E6D2B0DE282D4110007683B6 /* Release */ = {
			isa = XCBuildConfiguration;
			buildSettings = {
				ASSETCATALOG_COMPILER_APPICON_NAME = AppIcon;
				ASSETCATALOG_COMPILER_GLOBAL_ACCENT_COLOR_NAME = AccentColor;
				CODE_SIGN_STYLE = Automatic;
				CURRENT_PROJECT_VERSION = 1;
				DEVELOPMENT_TEAM = 53S4PPJ97L;
				GENERATE_INFOPLIST_FILE = YES;
				INFOPLIST_FILE = ColorViewWithDelegates/App/Info.plist;
				INFOPLIST_KEY_UIApplicationSupportsIndirectInputEvents = YES;
				INFOPLIST_KEY_UILaunchStoryboardName = LaunchScreen;
				INFOPLIST_KEY_UIMainStoryboardFile = Main;
				INFOPLIST_KEY_UISupportedInterfaceOrientations_iPad = "UIInterfaceOrientationPortrait UIInterfaceOrientationPortraitUpsideDown UIInterfaceOrientationLandscapeLeft UIInterfaceOrientationLandscapeRight";
				INFOPLIST_KEY_UISupportedInterfaceOrientations_iPhone = "UIInterfaceOrientationPortrait UIInterfaceOrientationLandscapeLeft UIInterfaceOrientationLandscapeRight";
				LD_RUNPATH_SEARCH_PATHS = (
					"$(inherited)",
					"@executable_path/Frameworks",
				);
				MARKETING_VERSION = 1.0;
				PRODUCT_BUNDLE_IDENTIFIER = malinatrash.ColorViewWithDelegates;
				PRODUCT_NAME = "$(TARGET_NAME)";
				SWIFT_EMIT_LOC_STRINGS = YES;
				SWIFT_VERSION = 5.0;
				TARGETED_DEVICE_FAMILY = "1,2";
			};
			name = Release;
		};
/* End XCBuildConfiguration section */

/* Begin XCConfigurationList section */
		E6D2B0C3282D410F007683B6 /* Build configuration list for PBXProject "ColorViewWithDelegates" */ = {
			isa = XCConfigurationList;
			buildConfigurations = (
				E6D2B0DA282D4110007683B6 /* Debug */,
				E6D2B0DB282D4110007683B6 /* Release */,
			);
			defaultConfigurationIsVisible = 0;
			defaultConfigurationName = Release;
		};
		E6D2B0DC282D4110007683B6 /* Build configuration list for PBXNativeTarget "ColorViewWithDelegates" */ = {
			isa = XCConfigurationList;
			buildConfigurations = (
				E6D2B0DD282D4110007683B6 /* Debug */,
				E6D2B0DE282D4110007683B6 /* Release */,
			);
			defaultConfigurationIsVisible = 0;
			defaultConfigurationName = Release;
		};
/* End XCConfigurationList section */
	};
	rootObject = E6D2B0C0282D410F007683B6 /* Project object */;
}
